
Microsoft Visual Studio Solution File, Format Version 12.00
Project("{FAE04EC0-301F-11D3-BF4B-00C04F79EFBC}") = "HomeWork1", "HomeWork1\HomeWork1.csproj", "{F1BCF199-6A27-4D7A-8B13-4BBD2C6AC9FD}"
EndProject
Project("{FAE04EC0-301F-11D3-BF4B-00C04F79EFBC}") = "HomeWork1Test", "HomeWork1Test\HomeWork1Test.csproj", "{ADF8BB44-5DEA-48E1-83F4-1F9E719EB882}"
EndProject
Global
	GlobalSection(SolutionConfigurationPlatforms) = preSolution
		Debug|Any CPU = Debug|Any CPU
		Release|Any CPU = Release|Any CPU
	EndGlobalSection
	GlobalSection(ProjectConfigurationPlatforms) = postSolution
		{F1BCF199-6A27-4D7A-8B13-4BBD2C6AC9FD}.Debug|Any CPU.ActiveCfg = Debug|Any CPU
		{F1BCF199-6A27-4D7A-8B13-4BBD2C6AC9FD}.Debug|Any CPU.Build.0 = Debug|Any CPU
		{F1BCF199-6A27-4D7A-8B13-4BBD2C6AC9FD}.Release|Any CPU.ActiveCfg = Release|Any CPU
		{F1BCF199-6A27-4D7A-8B13-4BBD2C6AC9FD}.Release|Any CPU.Build.0 = Release|Any CPU
		{ADF8BB44-5DEA-48E1-83F4-1F9E719EB882}.Debug|Any CPU.ActiveCfg = Debug|Any CPU
		{ADF8BB44-5DEA-48E1-83F4-1F9E719EB882}.Debug|Any CPU.Build.0 = Debug|Any CPU
		{ADF8BB44-5DEA-48E1-83F4-1F9E719EB882}.Release|Any CPU.ActiveCfg = Release|Any CPU
		{ADF8BB44-5DEA-48E1-83F4-1F9E719EB882}.Release|Any CPU.Build.0 = Release|Any CPU
	EndGlobalSection
EndGlobal
