
Microsoft Visual Studio Solution File, Format Version 12.00
# Visual Studio Version 16
VisualStudioVersion = 16.0.31702.278
MinimumVisualStudioVersion = 10.0.40219.1
Project("{FAE04EC0-301F-11D3-BF4B-00C04F79EFBC}") = "HomeWork7", "HomeWork7\HomeWork7.csproj", "{061FB07A-8D6B-487D-8DC1-7C539A928396}"
EndProject
Global
	GlobalSection(SolutionConfigurationPlatforms) = preSolution
		Debug|Any CPU = Debug|Any CPU
		Release|Any CPU = Release|Any CPU
	EndGlobalSection
	GlobalSection(ProjectConfigurationPlatforms) = postSolution
		{061FB07A-8D6B-487D-8DC1-7C539A928396}.Debug|Any CPU.ActiveCfg = Debug|Any CPU
		{061FB07A-8D6B-487D-8DC1-7C539A928396}.Debug|Any CPU.Build.0 = Debug|Any CPU
		{061FB07A-8D6B-487D-8DC1-7C539A928396}.Release|Any CPU.ActiveCfg = Release|Any CPU
		{061FB07A-8D6B-487D-8DC1-7C539A928396}.Release|Any CPU.Build.0 = Release|Any CPU
	EndGlobalSection
	GlobalSection(SolutionProperties) = preSolution
		HideSolutionNode = FALSE
	EndGlobalSection
	GlobalSection(ExtensibilityGlobals) = postSolution
		SolutionGuid = {78E6E4DE-9877-4750-8013-B318410C06BE}
	EndGlobalSection
EndGlobal
